
Microsoft Visual Studio Solution File, Format Version 12.00
# Visual Studio Version 17
VisualStudioVersion = 17.14.36811.4 d17.14
MinimumVisualStudioVersion = 10.0.40219.1
Project("{FAE04EC0-301F-11D3-BF4B-00C04F79EFBC}") = "SkilletInRadial", "SkilletInRadial.csproj", "{94552681-8067-BDC2-10C9-33C40EB64191}"
EndProject
Global
	GlobalSection(SolutionConfigurationPlatforms) = preSolution
		Debug|Any CPU = Debug|Any CPU
		Release|Any CPU = Release|Any CPU
	EndGlobalSection
	GlobalSection(ProjectConfigurationPlatforms) = postSolution
		{94552681-8067-BDC2-10C9-33C40EB64191}.Debug|Any CPU.ActiveCfg = Debug|Any CPU
		{94552681-8067-BDC2-10C9-33C40EB64191}.Debug|Any CPU.Build.0 = Debug|Any CPU
		{94552681-8067-BDC2-10C9-33C40EB64191}.Release|Any CPU.ActiveCfg = Release|Any CPU
		{94552681-8067-BDC2-10C9-33C40EB64191}.Release|Any CPU.Build.0 = Release|Any CPU
	EndGlobalSection
	GlobalSection(SolutionProperties) = preSolution
		HideSolutionNode = FALSE
	EndGlobalSection
	GlobalSection(ExtensibilityGlobals) = postSolution
		SolutionGuid = {C674FE30-90D3-4C65-94C0-3E659A27BBF1}
	EndGlobalSection
EndGlobal
